<Solution>
  <Configurations>
    <Platform Name="Any CPU" />
    <Platform Name="x64" />
    <Platform Name="x86" />
  </Configurations>
  <Folder Name="/src/" />
  <Folder Name="/src/host/">
    <Project Path="src/host/MarkdownViewerHost/MarkdownViewerHost.csproj" />
  </Folder>
  <Folder Name="/tests/">
    <Project Path="tests/MarkdownViewerHost.Tests/MarkdownViewerHost.Tests.csproj" />
  </Folder>
</Solution>
